
Microsoft Visual Studio Solution File, Format Version 12.00
# Visual Studio Version 17
VisualStudioVersion = 17.2.32519.379
MinimumVisualStudioVersion = 10.0.40219.1
Project("{FAE04EC0-301F-11D3-BF4B-00C04F79EFBC}") = "Maps Temp", "Maps Temp\Maps Temp.csproj", "{8811DF93-9A1D-4D49-9E17-FC7A542DDB6D}"
EndProject
Global
	GlobalSection(SolutionConfigurationPlatforms) = preSolution
		Debug|Any CPU = Debug|Any CPU
		Release|Any CPU = Release|Any CPU
	EndGlobalSection
	GlobalSection(ProjectConfigurationPlatforms) = postSolution
		{8811DF93-9A1D-4D49-9E17-FC7A542DDB6D}.Debug|Any CPU.ActiveCfg = Debug|Any CPU
		{8811DF93-9A1D-4D49-9E17-FC7A542DDB6D}.Debug|Any CPU.Build.0 = Debug|Any CPU
		{8811DF93-9A1D-4D49-9E17-FC7A542DDB6D}.Release|Any CPU.ActiveCfg = Release|Any CPU
		{8811DF93-9A1D-4D49-9E17-FC7A542DDB6D}.Release|Any CPU.Build.0 = Release|Any CPU
	EndGlobalSection
	GlobalSection(SolutionProperties) = preSolution
		HideSolutionNode = FALSE
	EndGlobalSection
	GlobalSection(ExtensibilityGlobals) = postSolution
		SolutionGuid = {AD198C14-EFFE-4E3A-9E6B-8646B1B542B1}
	EndGlobalSection
EndGlobal
